
Microsoft Visual Studio Solution File, Format Version 12.00
# Visual Studio Version 17
VisualStudioVersion = 17.0.32014.148
MinimumVisualStudioVersion = 10.0.40219.1
Project("{8BC9CEB8-8B4A-11D0-8D11-00A0C91BC942}") = "LinkedList", "LinkedList\LinkedList.vcxproj", "{E3157330-8843-4BA2-A31E-534C0F7113D7}"
EndProject
Project("{8BC9CEB8-8B4A-11D0-8D11-00A0C91BC942}") = "MinHeap", "MinHeap\MinHeap.vcxproj", "{9A939F97-0CA7-4791-B474-A89A864D0A03}"
EndProject
Project("{8BC9CEB8-8B4A-11D0-8D11-00A0C91BC942}") = "Stack", "Stack\Stack.vcxproj", "{8000160C-63F0-4B3A-A666-8B0740F3C814}"
EndProject
Project("{8BC9CEB8-8B4A-11D0-8D11-00A0C91BC942}") = "BinaryTree", "BinaryTree\BinaryTree.vcxproj", "{47B0EA4C-6E56-4D5D-92FE-376972D41A06}"
EndProject
Project("{8BC9CEB8-8B4A-11D0-8D11-00A0C91BC942}") = "Queue", "Queue\Queue.vcxproj", "{3387C268-D9FE-4B0D-A298-34AE2B88439E}"
EndProject
Project("{8BC9CEB8-8B4A-11D0-8D11-00A0C91BC942}") = "LinkQueue", "LinkQueue\LinkQueue.vcxproj", "{91712332-6C46-4329-9B66-677BE4B6BC94}"
EndProject
Project("{8BC9CEB8-8B4A-11D0-8D11-00A0C91BC942}") = "SparseMatrix", "SparseMatrix\SparseMatrix.vcxproj", "{B416E215-EF8F-4716-87D6-8A3F4D537B69}"
EndProject
Global
	GlobalSection(SolutionConfigurationPlatforms) = preSolution
		Debug|ARM = Debug|ARM
		Debug|ARM64 = Debug|ARM64
		Debug|x64 = Debug|x64
		Debug|x86 = Debug|x86
		Release|ARM = Release|ARM
		Release|ARM64 = Release|ARM64
		Release|x64 = Release|x64
		Release|x86 = Release|x86
	EndGlobalSection
	GlobalSection(ProjectConfigurationPlatforms) = postSolution
		{E3157330-8843-4BA2-A31E-534C0F7113D7}.Debug|ARM.ActiveCfg = Debug|x64
		{E3157330-8843-4BA2-A31E-534C0F7113D7}.Debug|ARM.Build.0 = Debug|x64
		{E3157330-8843-4BA2-A31E-534C0F7113D7}.Debug|ARM64.ActiveCfg = Debug|x64
		{E3157330-8843-4BA2-A31E-534C0F7113D7}.Debug|ARM64.Build.0 = Debug|x64
		{E3157330-8843-4BA2-A31E-534C0F7113D7}.Debug|x64.ActiveCfg = Debug|x64
		{E3157330-8843-4BA2-A31E-534C0F7113D7}.Debug|x64.Build.0 = Debug|x64
		{E3157330-8843-4BA2-A31E-534C0F7113D7}.Debug|x86.ActiveCfg = Debug|Win32
		{E3157330-8843-4BA2-A31E-534C0F7113D7}.Debug|x86.Build.0 = Debug|Win32
		{E3157330-8843-4BA2-A31E-534C0F7113D7}.Release|ARM.ActiveCfg = Release|x64
		{E3157330-8843-4BA2-A31E-534C0F7113D7}.Release|ARM.Build.0 = Release|x64
		{E3157330-8843-4BA2-A31E-534C0F7113D7}.Release|ARM64.ActiveCfg = Release|x64
		{E3157330-8843-4BA2-A31E-534C0F7113D7}.Release|ARM64.Build.0 = Release|x64
		{E3157330-8843-4BA2-A31E-534C0F7113D7}.Release|x64.ActiveCfg = Release|x64
		{E3157330-8843-4BA2-A31E-534C0F7113D7}.Release|x64.Build.0 = Release|x64
		{E3157330-8843-4BA2-A31E-534C0F7113D7}.Release|x86.ActiveCfg = Release|Win32
		{E3157330-8843-4BA2-A31E-534C0F7113D7}.Release|x86.Build.0 = Release|Win32
		{9A939F97-0CA7-4791-B474-A89A864D0A03}.Debug|ARM.ActiveCfg = Debug|x64
		{9A939F97-0CA7-4791-B474-A89A864D0A03}.Debug|ARM.Build.0 = Debug|x64
		{9A939F97-0CA7-4791-B474-A89A864D0A03}.Debug|ARM64.ActiveCfg = Debug|x64
		{9A939F97-0CA7-4791-B474-A89A864D0A03}.Debug|ARM64.Build.0 = Debug|x64
		{9A939F97-0CA7-4791-B474-A89A864D0A03}.Debug|x64.ActiveCfg = Debug|x64
		{9A939F97-0CA7-4791-B474-A89A864D0A03}.Debug|x64.Build.0 = Debug|x64
		{9A939F97-0CA7-4791-B474-A89A864D0A03}.Debug|x86.ActiveCfg = Debug|Win32
		{9A939F97-0CA7-4791-B474-A89A864D0A03}.Debug|x86.Build.0 = Debug|Win32
		{9A939F97-0CA7-4791-B474-A89A864D0A03}.Release|ARM.ActiveCfg = Release|x64
		{9A939F97-0CA7-4791-B474-A89A864D0A03}.Release|ARM.Build.0 = Release|x64
		{9A939F97-0CA7-4791-B474-A89A864D0A03}.Release|ARM64.ActiveCfg = Release|x64
		{9A939F97-0CA7-4791-B474-A89A864D0A03}.Release|ARM64.Build.0 = Release|x64
		{9A939F97-0CA7-4791-B474-A89A864D0A03}.Release|x64.ActiveCfg = Release|x64
		{9A939F97-0CA7-4791-B474-A89A864D0A03}.Release|x64.Build.0 = Release|x64
		{9A939F97-0CA7-4791-B474-A89A864D0A03}.Release|x86.ActiveCfg = Release|Win32
		{9A939F97-0CA7-4791-B474-A89A864D0A03}.Release|x86.Build.0 = Release|Win32
		{8000160C-63F0-4B3A-A666-8B0740F3C814}.Debug|ARM.ActiveCfg = Debug|x64
		{8000160C-63F0-4B3A-A666-8B0740F3C814}.Debug|ARM.Build.0 = Debug|x64
		{8000160C-63F0-4B3A-A666-8B0740F3C814}.Debug|ARM64.ActiveCfg = Debug|x64
		{8000160C-63F0-4B3A-A666-8B0740F3C814}.Debug|ARM64.Build.0 = Debug|x64
		{8000160C-63F0-4B3A-A666-8B0740F3C814}.Debug|x64.ActiveCfg = Debug|x64
		{8000160C-63F0-4B3A-A666-8B0740F3C814}.Debug|x64.Build.0 = Debug|x64
		{8000160C-63F0-4B3A-A666-8B0740F3C814}.Debug|x86.ActiveCfg = Debug|Win32
		{8000160C-63F0-4B3A-A666-8B0740F3C814}.Debug|x86.Build.0 = Debug|Win32
		{8000160C-63F0-4B3A-A666-8B0740F3C814}.Release|ARM.ActiveCfg = Release|x64
		{8000160C-63F0-4B3A-A666-8B0740F3C814}.Release|ARM.Build.0 = Release|x64
		{8000160C-63F0-4B3A-A666-8B0740F3C814}.Release|ARM64.ActiveCfg = Release|x64
		{8000160C-63F0-4B3A-A666-8B0740F3C814}.Release|ARM64.Build.0 = Release|x64
		{8000160C-63F0-4B3A-A666-8B0740F3C814}.Release|x64.ActiveCfg = Release|x64
		{8000160C-63F0-4B3A-A666-8B0740F3C814}.Release|x64.Build.0 = Release|x64
		{8000160C-63F0-4B3A-A666-8B0740F3C814}.Release|x86.ActiveCfg = Release|Win32
		{8000160C-63F0-4B3A-A666-8B0740F3C814}.Release|x86.Build.0 = Release|Win32
		{47B0EA4C-6E56-4D5D-92FE-376972D41A06}.Debug|ARM.ActiveCfg = Debug|x64
		{47B0EA4C-6E56-4D5D-92FE-376972D41A06}.Debug|ARM.Build.0 = Debug|x64
		{47B0EA4C-6E56-4D5D-92FE-376972D41A06}.Debug|ARM64.ActiveCfg = Debug|x64
		{47B0EA4C-6E56-4D5D-92FE-376972D41A06}.Debug|ARM64.Build.0 = Debug|x64
		{47B0EA4C-6E56-4D5D-92FE-376972D41A06}.Debug|x64.ActiveCfg = Debug|x64
		{47B0EA4C-6E56-4D5D-92FE-376972D41A06}.Debug|x64.Build.0 = Debug|x64
		{47B0EA4C-6E56-4D5D-92FE-376972D41A06}.Debug|x86.ActiveCfg = Debug|Win32
		{47B0EA4C-6E56-4D5D-92FE-376972D41A06}.Debug|x86.Build.0 = Debug|Win32
		{47B0EA4C-6E56-4D5D-92FE-376972D41A06}.Release|ARM.ActiveCfg = Release|x64
		{47B0EA4C-6E56-4D5D-92FE-376972D41A06}.Release|ARM.Build.0 = Release|x64
		{47B0EA4C-6E56-4D5D-92FE-376972D41A06}.Release|ARM64.ActiveCfg = Release|x64
		{47B0EA4C-6E56-4D5D-92FE-376972D41A06}.Release|ARM64.Build.0 = Release|x64
		{47B0EA4C-6E56-4D5D-92FE-376972D41A06}.Release|x64.ActiveCfg = Release|x64
		{47B0EA4C-6E56-4D5D-92FE-376972D41A06}.Release|x64.Build.0 = Release|x64
		{47B0EA4C-6E56-4D5D-92FE-376972D41A06}.Release|x86.ActiveCfg = Release|Win32
		{47B0EA4C-6E56-4D5D-92FE-376972D41A06}.Release|x86.Build.0 = Release|Win32
		{3387C268-D9FE-4B0D-A298-34AE2B88439E}.Debug|ARM.ActiveCfg = Debug|x64
		{3387C268-D9FE-4B0D-A298-34AE2B88439E}.Debug|ARM.Build.0 = Debug|x64
		{3387C268-D9FE-4B0D-A298-34AE2B88439E}.Debug|ARM64.ActiveCfg = Debug|x64
		{3387C268-D9FE-4B0D-A298-34AE2B88439E}.Debug|ARM64.Build.0 = Debug|x64
		{3387C268-D9FE-4B0D-A298-34AE2B88439E}.Debug|x64.ActiveCfg = Debug|x64
		{3387C268-D9FE-4B0D-A298-34AE2B88439E}.Debug|x64.Build.0 = Debug|x64
		{3387C268-D9FE-4B0D-A298-34AE2B88439E}.Debug|x86.ActiveCfg = Debug|Win32
		{3387C268-D9FE-4B0D-A298-34AE2B88439E}.Debug|x86.Build.0 = Debug|Win32
		{3387C268-D9FE-4B0D-A298-34AE2B88439E}.Release|ARM.ActiveCfg = Release|x64
		{3387C268-D9FE-4B0D-A298-34AE2B88439E}.Release|ARM.Build.0 = Release|x64
		{3387C268-D9FE-4B0D-A298-34AE2B88439E}.Release|ARM64.ActiveCfg = Release|x64
		{3387C268-D9FE-4B0D-A298-34AE2B88439E}.Release|ARM64.Build.0 = Release|x64
		{3387C268-D9FE-4B0D-A298-34AE2B88439E}.Release|x64.ActiveCfg = Release|x64
		{3387C268-D9FE-4B0D-A298-34AE2B88439E}.Release|x64.Build.0 = Release|x64
		{3387C268-D9FE-4B0D-A298-34AE2B88439E}.Release|x86.ActiveCfg = Release|Win32
		{3387C268-D9FE-4B0D-A298-34AE2B88439E}.Release|x86.Build.0 = Release|Win32
		{91712332-6C46-4329-9B66-677BE4B6BC94}.Debug|ARM.ActiveCfg = Debug|x64
		{91712332-6C46-4329-9B66-677BE4B6BC94}.Debug|ARM.Build.0 = Debug|x64
		{91712332-6C46-4329-9B66-677BE4B6BC94}.Debug|ARM64.ActiveCfg = Debug|x64
		{91712332-6C46-4329-9B66-677BE4B6BC94}.Debug|ARM64.Build.0 = Debug|x64
		{91712332-6C46-4329-9B66-677BE4B6BC94}.Debug|x64.ActiveCfg = Debug|x64
		{91712332-6C46-4329-9B66-677BE4B6BC94}.Debug|x64.Build.0 = Debug|x64
		{91712332-6C46-4329-9B66-677BE4B6BC94}.Debug|x86.ActiveCfg = Debug|Win32
		{91712332-6C46-4329-9B66-677BE4B6BC94}.Debug|x86.Build.0 = Debug|Win32
		{91712332-6C46-4329-9B66-677BE4B6BC94}.Release|ARM.ActiveCfg = Release|x64
		{91712332-6C46-4329-9B66-677BE4B6BC94}.Release|ARM.Build.0 = Release|x64
		{91712332-6C46-4329-9B66-677BE4B6BC94}.Release|ARM64.ActiveCfg = Release|x64
		{91712332-6C46-4329-9B66-677BE4B6BC94}.Release|ARM64.Build.0 = Release|x64
		{91712332-6C46-4329-9B66-677BE4B6BC94}.Release|x64.ActiveCfg = Release|x64
		{91712332-6C46-4329-9B66-677BE4B6BC94}.Release|x64.Build.0 = Release|x64
		{91712332-6C46-4329-9B66-677BE4B6BC94}.Release|x86.ActiveCfg = Release|Win32
		{91712332-6C46-4329-9B66-677BE4B6BC94}.Release|x86.Build.0 = Release|Win32
		{B416E215-EF8F-4716-87D6-8A3F4D537B69}.Debug|ARM.ActiveCfg = Debug|x64
		{B416E215-EF8F-4716-87D6-8A3F4D537B69}.Debug|ARM.Build.0 = Debug|x64
		{B416E215-EF8F-4716-87D6-8A3F4D537B69}.Debug|ARM64.ActiveCfg = Debug|x64
		{B416E215-EF8F-4716-87D6-8A3F4D537B69}.Debug|ARM64.Build.0 = Debug|x64
		{B416E215-EF8F-4716-87D6-8A3F4D537B69}.Debug|x64.ActiveCfg = Debug|x64
		{B416E215-EF8F-4716-87D6-8A3F4D537B69}.Debug|x64.Build.0 = Debug|x64
		{B416E215-EF8F-4716-87D6-8A3F4D537B69}.Debug|x86.ActiveCfg = Debug|Win32
		{B416E215-EF8F-4716-87D6-8A3F4D537B69}.Debug|x86.Build.0 = Debug|Win32
		{B416E215-EF8F-4716-87D6-8A3F4D537B69}.Release|ARM.ActiveCfg = Release|x64
		{B416E215-EF8F-4716-87D6-8A3F4D537B69}.Release|ARM.Build.0 = Release|x64
		{B416E215-EF8F-4716-87D6-8A3F4D537B69}.Release|ARM64.ActiveCfg = Release|x64
		{B416E215-EF8F-4716-87D6-8A3F4D537B69}.Release|ARM64.Build.0 = Release|x64
		{B416E215-EF8F-4716-87D6-8A3F4D537B69}.Release|x64.ActiveCfg = Release|x64
		{B416E215-EF8F-4716-87D6-8A3F4D537B69}.Release|x64.Build.0 = Release|x64
		{B416E215-EF8F-4716-87D6-8A3F4D537B69}.Release|x86.ActiveCfg = Release|Win32
		{B416E215-EF8F-4716-87D6-8A3F4D537B69}.Release|x86.Build.0 = Release|Win32
	EndGlobalSection
	GlobalSection(SolutionProperties) = preSolution
		HideSolutionNode = FALSE
	EndGlobalSection
	GlobalSection(ExtensibilityGlobals) = postSolution
		SolutionGuid = {DD95FEAA-16FE-403C-AEBC-F42F85B80FFC}
	EndGlobalSection
EndGlobal
